
Microsoft Visual Studio Solution File, Format Version 12.00
# Visual Studio Version 17
VisualStudioVersion = 17.13.35818.85 d17.13
MinimumVisualStudioVersion = 10.0.40219.1
Project("{FAE04EC0-301F-11D3-BF4B-00C04F79EFBC}") = "CarsManager.Web", "CarsManager.Web\CarsManager.Web.csproj", "{0B229902-6536-420F-A666-865FECBCF21A}"
EndProject
Global
	GlobalSection(SolutionConfigurationPlatforms) = preSolution
		Debug|Any CPU = Debug|Any CPU
		Release|Any CPU = Release|Any CPU
	EndGlobalSection
	GlobalSection(ProjectConfigurationPlatforms) = postSolution
		{0B229902-6536-420F-A666-865FECBCF21A}.Debug|Any CPU.ActiveCfg = Debug|Any CPU
		{0B229902-6536-420F-A666-865FECBCF21A}.Debug|Any CPU.Build.0 = Debug|Any CPU
		{0B229902-6536-420F-A666-865FECBCF21A}.Release|Any CPU.ActiveCfg = Release|Any CPU
		{0B229902-6536-420F-A666-865FECBCF21A}.Release|Any CPU.Build.0 = Release|Any CPU
	EndGlobalSection
	GlobalSection(SolutionProperties) = preSolution
		HideSolutionNode = FALSE
	EndGlobalSection
	GlobalSection(ExtensibilityGlobals) = postSolution
		SolutionGuid = {A94DB621-9461-4DBE-AA8D-71DC873D41A9}
	EndGlobalSection
EndGlobal
